
Microsoft Visual Studio Solution File, Format Version 12.00
# Visual Studio Version 17
VisualStudioVersion = 17.0.31903.59
MinimumVisualStudioVersion = 10.0.40219.1
Project("{FAE04EC0-301F-11D3-BF4B-00C04F79EFBC}") = "Restaurants.API", "Restaurants.API\Restaurants.API.csproj", "{2BD56580-986F-4265-A964-D3EDEC1721F8}"
EndProject
Project("{FAE04EC0-301F-11D3-BF4B-00C04F79EFBC}") = "Restaurants.Domain", "Restaurants.Domain\Restaurants.Domain.csproj", "{ACEEC399-A110-4748-8F3F-0BAE25E2B831}"
EndProject
Project("{FAE04EC0-301F-11D3-BF4B-00C04F79EFBC}") = "Restaurants.Application", "Restaurants.Application\Restaurants.Application.csproj", "{0A1A9206-F1F3-42EC-8370-8CC5490622D2}"
EndProject
Project("{FAE04EC0-301F-11D3-BF4B-00C04F79EFBC}") = "Restaurants.Infrastructure", "Restaurants.Infrastructure\Restaurants.Infrastructure.csproj", "{37CCF622-D46C-485E-B088-BC246AC1A9F1}"
EndProject
Global
	GlobalSection(SolutionConfigurationPlatforms) = preSolution
		Debug|Any CPU = Debug|Any CPU
		Debug|x64 = Debug|x64
		Debug|x86 = Debug|x86
		Release|Any CPU = Release|Any CPU
		Release|x64 = Release|x64
		Release|x86 = Release|x86
	EndGlobalSection
	GlobalSection(ProjectConfigurationPlatforms) = postSolution
		{2BD56580-986F-4265-A964-D3EDEC1721F8}.Debug|Any CPU.ActiveCfg = Debug|Any CPU
		{2BD56580-986F-4265-A964-D3EDEC1721F8}.Debug|Any CPU.Build.0 = Debug|Any CPU
		{2BD56580-986F-4265-A964-D3EDEC1721F8}.Debug|x64.ActiveCfg = Debug|Any CPU
		{2BD56580-986F-4265-A964-D3EDEC1721F8}.Debug|x64.Build.0 = Debug|Any CPU
		{2BD56580-986F-4265-A964-D3EDEC1721F8}.Debug|x86.ActiveCfg = Debug|Any CPU
		{2BD56580-986F-4265-A964-D3EDEC1721F8}.Debug|x86.Build.0 = Debug|Any CPU
		{2BD56580-986F-4265-A964-D3EDEC1721F8}.Release|Any CPU.ActiveCfg = Release|Any CPU
		{2BD56580-986F-4265-A964-D3EDEC1721F8}.Release|Any CPU.Build.0 = Release|Any CPU
		{2BD56580-986F-4265-A964-D3EDEC1721F8}.Release|x64.ActiveCfg = Release|Any CPU
		{2BD56580-986F-4265-A964-D3EDEC1721F8}.Release|x64.Build.0 = Release|Any CPU
		{2BD56580-986F-4265-A964-D3EDEC1721F8}.Release|x86.ActiveCfg = Release|Any CPU
		{2BD56580-986F-4265-A964-D3EDEC1721F8}.Release|x86.Build.0 = Release|Any CPU
		{ACEEC399-A110-4748-8F3F-0BAE25E2B831}.Debug|Any CPU.ActiveCfg = Debug|Any CPU
		{ACEEC399-A110-4748-8F3F-0BAE25E2B831}.Debug|Any CPU.Build.0 = Debug|Any CPU
		{ACEEC399-A110-4748-8F3F-0BAE25E2B831}.Debug|x64.ActiveCfg = Debug|Any CPU
		{ACEEC399-A110-4748-8F3F-0BAE25E2B831}.Debug|x64.Build.0 = Debug|Any CPU
		{ACEEC399-A110-4748-8F3F-0BAE25E2B831}.Debug|x86.ActiveCfg = Debug|Any CPU
		{ACEEC399-A110-4748-8F3F-0BAE25E2B831}.Debug|x86.Build.0 = Debug|Any CPU
		{ACEEC399-A110-4748-8F3F-0BAE25E2B831}.Release|Any CPU.ActiveCfg = Release|Any CPU
		{ACEEC399-A110-4748-8F3F-0BAE25E2B831}.Release|Any CPU.Build.0 = Release|Any CPU
		{ACEEC399-A110-4748-8F3F-0BAE25E2B831}.Release|x64.ActiveCfg = Release|Any CPU
		{ACEEC399-A110-4748-8F3F-0BAE25E2B831}.Release|x64.Build.0 = Release|Any CPU
		{ACEEC399-A110-4748-8F3F-0BAE25E2B831}.Release|x86.ActiveCfg = Release|Any CPU
		{ACEEC399-A110-4748-8F3F-0BAE25E2B831}.Release|x86.Build.0 = Release|Any CPU
		{0A1A9206-F1F3-42EC-8370-8CC5490622D2}.Debug|Any CPU.ActiveCfg = Debug|Any CPU
		{0A1A9206-F1F3-42EC-8370-8CC5490622D2}.Debug|Any CPU.Build.0 = Debug|Any CPU
		{0A1A9206-F1F3-42EC-8370-8CC5490622D2}.Debug|x64.ActiveCfg = Debug|Any CPU
		{0A1A9206-F1F3-42EC-8370-8CC5490622D2}.Debug|x64.Build.0 = Debug|Any CPU
		{0A1A9206-F1F3-42EC-8370-8CC5490622D2}.Debug|x86.ActiveCfg = Debug|Any CPU
		{0A1A9206-F1F3-42EC-8370-8CC5490622D2}.Debug|x86.Build.0 = Debug|Any CPU
		{0A1A9206-F1F3-42EC-8370-8CC5490622D2}.Release|Any CPU.ActiveCfg = Release|Any CPU
		{0A1A9206-F1F3-42EC-8370-8CC5490622D2}.Release|Any CPU.Build.0 = Release|Any CPU
		{0A1A9206-F1F3-42EC-8370-8CC5490622D2}.Release|x64.ActiveCfg = Release|Any CPU
		{0A1A9206-F1F3-42EC-8370-8CC5490622D2}.Release|x64.Build.0 = Release|Any CPU
		{0A1A9206-F1F3-42EC-8370-8CC5490622D2}.Release|x86.ActiveCfg = Release|Any CPU
		{0A1A9206-F1F3-42EC-8370-8CC5490622D2}.Release|x86.Build.0 = Release|Any CPU
		{37CCF622-D46C-485E-B088-BC246AC1A9F1}.Debug|Any CPU.ActiveCfg = Debug|Any CPU
		{37CCF622-D46C-485E-B088-BC246AC1A9F1}.Debug|Any CPU.Build.0 = Debug|Any CPU
		{37CCF622-D46C-485E-B088-BC246AC1A9F1}.Debug|x64.ActiveCfg = Debug|Any CPU
		{37CCF622-D46C-485E-B088-BC246AC1A9F1}.Debug|x64.Build.0 = Debug|Any CPU
		{37CCF622-D46C-485E-B088-BC246AC1A9F1}.Debug|x86.ActiveCfg = Debug|Any CPU
		{37CCF622-D46C-485E-B088-BC246AC1A9F1}.Debug|x86.Build.0 = Debug|Any CPU
		{37CCF622-D46C-485E-B088-BC246AC1A9F1}.Release|Any CPU.ActiveCfg = Release|Any CPU
		{37CCF622-D46C-485E-B088-BC246AC1A9F1}.Release|Any CPU.Build.0 = Release|Any CPU
		{37CCF622-D46C-485E-B088-BC246AC1A9F1}.Release|x64.ActiveCfg = Release|Any CPU
		{37CCF622-D46C-485E-B088-BC246AC1A9F1}.Release|x64.Build.0 = Release|Any CPU
		{37CCF622-D46C-485E-B088-BC246AC1A9F1}.Release|x86.ActiveCfg = Release|Any CPU
		{37CCF622-D46C-485E-B088-BC246AC1A9F1}.Release|x86.Build.0 = Release|Any CPU
	EndGlobalSection
	GlobalSection(SolutionProperties) = preSolution
		HideSolutionNode = FALSE
	EndGlobalSection
	GlobalSection(ExtensibilityGlobals) = postSolution
		SolutionGuid = {7767BBA1-6D7C-42A2-AC76-25565DCE3438}
	EndGlobalSection
EndGlobal
